
Microsoft Visual Studio Solution File, Format Version 12.00
Project("{FAE04EC0-301F-11D3-BF4B-00C04F79EFBC}") = "MonoParticleLife", "MonoParticleLife\MonoParticleLife.csproj", "{B37B293E-0E92-4267-B907-34CF52C77579}"
EndProject
Project("{FAE04EC0-301F-11D3-BF4B-00C04F79EFBC}") = "MonoUtils", "lib\MonoUtils\MonoUtils\MonoUtils.csproj", "{74EB852B-144D-46C5-9C31-424735C51E4A}"
EndProject
Global
	GlobalSection(SolutionConfigurationPlatforms) = preSolution
		Debug|Any CPU = Debug|Any CPU
		Release|Any CPU = Release|Any CPU
	EndGlobalSection
	GlobalSection(ProjectConfigurationPlatforms) = postSolution
		{B37B293E-0E92-4267-B907-34CF52C77579}.Debug|Any CPU.ActiveCfg = Debug|Any CPU
		{B37B293E-0E92-4267-B907-34CF52C77579}.Debug|Any CPU.Build.0 = Debug|Any CPU
		{B37B293E-0E92-4267-B907-34CF52C77579}.Release|Any CPU.ActiveCfg = Release|Any CPU
		{B37B293E-0E92-4267-B907-34CF52C77579}.Release|Any CPU.Build.0 = Release|Any CPU
		{74EB852B-144D-46C5-9C31-424735C51E4A}.Debug|Any CPU.ActiveCfg = Debug|Any CPU
		{74EB852B-144D-46C5-9C31-424735C51E4A}.Debug|Any CPU.Build.0 = Debug|Any CPU
		{74EB852B-144D-46C5-9C31-424735C51E4A}.Release|Any CPU.ActiveCfg = Release|Any CPU
		{74EB852B-144D-46C5-9C31-424735C51E4A}.Release|Any CPU.Build.0 = Release|Any CPU
	EndGlobalSection
EndGlobal
